{
  "name": "@audio/dynamics",
  "version": "0.2.0",
  "lockfileVersion": 3,
  "requires": true,
  "packages": {
    "": {
      "name": "@audio/dynamics",
      "version": "0.2.0",
      "license": "MIT",
      "workspaces": [
        "packages/*"
      ],
      "dependencies": {
        "@audio/dynamics-compand": "^0.1.0",
        "@audio/dynamics-compressor": "^0.1.0",
        "@audio/dynamics-core": "^0.1.0",
        "@audio/dynamics-deesser": "^0.1.0",
        "@audio/dynamics-ducker": "^0.1.0",
        "@audio/dynamics-envelope": "^0.1.0",
        "@audio/dynamics-expander": "^0.1.0",
        "@audio/dynamics-gate": "^0.1.0",
        "@audio/dynamics-limiter": "^0.1.0",
        "@audio/dynamics-softclip": "^0.1.0",
        "@audio/dynamics-transient-shaper": "^0.1.0"
      },
      "devDependencies": {
        "tst": "^9.4.0"
      },
      "engines": {
        "node": ">=18"
      }
    },
    "node_modules/@audio/dynamics-compand": {
      "resolved": "packages/dynamics-compand",
      "link": true
    },
    "node_modules/@audio/dynamics-compressor": {
      "resolved": "packages/dynamics-compressor",
      "link": true
    },
    "node_modules/@audio/dynamics-core": {
      "resolved": "packages/dynamics-core",
      "link": true
    },
    "node_modules/@audio/dynamics-deesser": {
      "resolved": "packages/dynamics-deesser",
      "link": true
    },
    "node_modules/@audio/dynamics-ducker": {
      "resolved": "packages/dynamics-ducker",
      "link": true
    },
    "node_modules/@audio/dynamics-envelope": {
      "resolved": "packages/dynamics-envelope",
      "link": true
    },
    "node_modules/@audio/dynamics-expander": {
      "resolved": "packages/dynamics-expander",
      "link": true
    },
    "node_modules/@audio/dynamics-gate": {
      "resolved": "packages/dynamics-gate",
      "link": true
    },
    "node_modules/@audio/dynamics-limiter": {
      "resolved": "packages/dynamics-limiter",
      "link": true
    },
    "node_modules/@audio/dynamics-softclip": {
      "resolved": "packages/dynamics-softclip",
      "link": true
    },
    "node_modules/@audio/dynamics-transient-shaper": {
      "resolved": "packages/dynamics-transient-shaper",
      "link": true
    },
    "node_modules/tst": {
      "version": "9.4.0",
      "resolved": "https://registry.npmjs.org/tst/-/tst-9.4.0.tgz",
      "integrity": "sha512-LFC1yasMqhvL9hBJdA07nozlfS1RGy/7uiBCwRZcQH9zB4+n7XpxwYszzK//WQ2JVOLAUgU3d8ABEcrFLZE0vg==",
      "dev": true,
      "license": "MIT"
    },
    "packages/dynamics-compand": {
      "name": "@audio/dynamics-compand",
      "version": "0.1.0",
      "license": "MIT",
      "dependencies": {
        "@audio/dynamics-core": "^0.1.0",
        "@audio/dynamics-envelope": "^0.1.0"
      },
      "engines": {
        "node": ">=18"
      }
    },
    "packages/dynamics-compressor": {
      "name": "@audio/dynamics-compressor",
      "version": "0.1.0",
      "license": "MIT",
      "dependencies": {
        "@audio/dynamics-core": "^0.1.0",
        "@audio/dynamics-envelope": "^0.1.0"
      },
      "engines": {
        "node": ">=18"
      }
    },
    "packages/dynamics-core": {
      "name": "@audio/dynamics-core",
      "version": "0.1.0",
      "license": "MIT",
      "engines": {
        "node": ">=18"
      }
    },
    "packages/dynamics-deesser": {
      "name": "@audio/dynamics-deesser",
      "version": "0.1.0",
      "license": "MIT",
      "dependencies": {
        "@audio/dynamics-compressor": "^0.1.0",
        "@audio/dynamics-core": "^0.1.0",
        "@audio/dynamics-envelope": "^0.1.0"
      },
      "engines": {
        "node": ">=18"
      }
    },
    "packages/dynamics-ducker": {
      "name": "@audio/dynamics-ducker",
      "version": "0.1.0",
      "license": "MIT",
      "dependencies": {
        "@audio/dynamics-compressor": "^0.1.0",
        "@audio/dynamics-core": "^0.1.0",
        "@audio/dynamics-envelope": "^0.1.0"
      },
      "engines": {
        "node": ">=18"
      }
    },
    "packages/dynamics-envelope": {
      "name": "@audio/dynamics-envelope",
      "version": "0.1.0",
      "license": "MIT",
      "dependencies": {
        "@audio/dynamics-core": "^0.1.0"
      },
      "engines": {
        "node": ">=18"
      }
    },
    "packages/dynamics-expander": {
      "name": "@audio/dynamics-expander",
      "version": "0.1.0",
      "license": "MIT",
      "dependencies": {
        "@audio/dynamics-core": "^0.1.0",
        "@audio/dynamics-envelope": "^0.1.0"
      },
      "engines": {
        "node": ">=18"
      }
    },
    "packages/dynamics-gate": {
      "name": "@audio/dynamics-gate",
      "version": "0.1.0",
      "license": "MIT",
      "dependencies": {
        "@audio/dynamics-core": "^0.1.0",
        "@audio/dynamics-envelope": "^0.1.0"
      },
      "engines": {
        "node": ">=18"
      }
    },
    "packages/dynamics-limiter": {
      "name": "@audio/dynamics-limiter",
      "version": "0.1.0",
      "license": "MIT",
      "dependencies": {
        "@audio/dynamics-core": "^0.1.0"
      },
      "engines": {
        "node": ">=18"
      }
    },
    "packages/dynamics-softclip": {
      "name": "@audio/dynamics-softclip",
      "version": "0.1.0",
      "license": "MIT",
      "dependencies": {
        "@audio/dynamics-core": "^0.1.0"
      },
      "engines": {
        "node": ">=18"
      }
    },
    "packages/dynamics-transient-shaper": {
      "name": "@audio/dynamics-transient-shaper",
      "version": "0.1.0",
      "license": "MIT",
      "engines": {
        "node": ">=18"
      }
    }
  }
}
