{
  "name": "@audio/dynamics",
  "version": "0.2.4",
  "lockfileVersion": 3,
  "requires": true,
  "packages": {
    "": {
      "name": "@audio/dynamics",
      "version": "0.2.4",
      "license": "MIT",
      "workspaces": [
        "packages/*"
      ],
      "dependencies": {
        "@audio/dynamics-compand": "^0.1.0",
        "@audio/dynamics-compressor": "^0.2.0",
        "@audio/dynamics-deesser": "^0.2.0",
        "@audio/dynamics-ducker": "^0.1.0",
        "@audio/dynamics-envelope": "^0.1.0",
        "@audio/dynamics-expander": "^0.2.0",
        "@audio/dynamics-fet": "^0.2.0",
        "@audio/dynamics-gate": "^0.1.0",
        "@audio/dynamics-leveler": "^0.1.0",
        "@audio/dynamics-limiter": "^0.1.0",
        "@audio/dynamics-multiband": "^0.4.0",
        "@audio/dynamics-opto": "^0.2.0",
        "@audio/dynamics-softclip": "^0.2.0",
        "@audio/dynamics-transient-shaper": "^0.1.0",
        "@audio/dynamics-unlimit": "^0.1.0",
        "@audio/dynamics-varimu": "^0.2.0",
        "@audio/dynamics-vca": "^0.2.0"
      },
      "devDependencies": {
        "tst": "^9.4.0"
      },
      "engines": {
        "node": ">=18"
      }
    },
    "node_modules/@audio/biquad": {
      "version": "1.1.0",
      "resolved": "https://registry.npmjs.org/@audio/biquad/-/biquad-1.1.0.tgz",
      "integrity": "sha512-IJtafeZ5NmZM+GFIc2+dYz5YrYHOtcF07kPfB/bur7Ca3uonaRX6eb5jWPI9yF0f8UB6IAZ42c3YVkENgRR9ng==",
      "license": "MIT",
      "engines": {
        "node": ">=18"
      }
    },
    "node_modules/@audio/dynamics-compand": {
      "resolved": "packages/dynamics-compand",
      "link": true
    },
    "node_modules/@audio/dynamics-compressor": {
      "resolved": "packages/dynamics-compressor",
      "link": true
    },
    "node_modules/@audio/dynamics-deesser": {
      "resolved": "packages/dynamics-deesser",
      "link": true
    },
    "node_modules/@audio/dynamics-ducker": {
      "resolved": "packages/dynamics-ducker",
      "link": true
    },
    "node_modules/@audio/dynamics-envelope": {
      "resolved": "packages/dynamics-envelope",
      "link": true
    },
    "node_modules/@audio/dynamics-expander": {
      "resolved": "packages/dynamics-expander",
      "link": true
    },
    "node_modules/@audio/dynamics-fet": {
      "resolved": "packages/dynamics-fet",
      "link": true
    },
    "node_modules/@audio/dynamics-gate": {
      "resolved": "packages/dynamics-gate",
      "link": true
    },
    "node_modules/@audio/dynamics-leveler": {
      "resolved": "packages/dynamics-leveler",
      "link": true
    },
    "node_modules/@audio/dynamics-limiter": {
      "resolved": "packages/dynamics-limiter",
      "link": true
    },
    "node_modules/@audio/dynamics-multiband": {
      "resolved": "packages/dynamics-multiband",
      "link": true
    },
    "node_modules/@audio/dynamics-opto": {
      "resolved": "packages/dynamics-opto",
      "link": true
    },
    "node_modules/@audio/dynamics-softclip": {
      "resolved": "packages/dynamics-softclip",
      "link": true
    },
    "node_modules/@audio/dynamics-transient-shaper": {
      "resolved": "packages/dynamics-transient-shaper",
      "link": true
    },
    "node_modules/@audio/dynamics-unlimit": {
      "resolved": "packages/dynamics-unlimit",
      "link": true
    },
    "node_modules/@audio/dynamics-varimu": {
      "resolved": "packages/dynamics-varimu",
      "link": true
    },
    "node_modules/@audio/dynamics-vca": {
      "resolved": "packages/dynamics-vca",
      "link": true
    },
    "node_modules/@audio/eq-crossover": {
      "version": "1.0.0",
      "resolved": "https://registry.npmjs.org/@audio/eq-crossover/-/eq-crossover-1.0.0.tgz",
      "integrity": "sha512-4CLMVwbTigia6fL9YViErgI7ZApabmtV/D8PzQrMHIcYokNJ6Wn5evt0UpLJPL6tlL8L93Ssy4OOWo1Kdr/x9A==",
      "license": "MIT",
      "dependencies": {
        "digital-filter": "^2.0.0"
      },
      "engines": {
        "node": ">=18"
      }
    },
    "node_modules/@audio/resample-sinc": {
      "version": "1.1.0",
      "resolved": "https://registry.npmjs.org/@audio/resample-sinc/-/resample-sinc-1.1.0.tgz",
      "integrity": "sha512-DNOIygLBmSgCY2zeuTMxjj9ji3kwOY1E0NSn5CsJV8M14Nrf/fvjKUVm/6o8BR0o0QCYXED6yVsZHNr0hR/Bpg==",
      "license": "MIT",
      "engines": {
        "node": ">=18"
      }
    },
    "node_modules/digital-filter": {
      "version": "2.3.1",
      "resolved": "https://registry.npmjs.org/digital-filter/-/digital-filter-2.3.1.tgz",
      "integrity": "sha512-KzcWuhDLTt2lKFF4KZCrHSPOqHBTH+CxZwWDO0coqNTKiYyxgIwoTAuIQj1F8nFgwnCKomgwOXU62YCfsYVshg==",
      "license": "MIT",
      "engines": {
        "node": ">=18"
      }
    },
    "node_modules/tst": {
      "version": "9.4.0",
      "resolved": "https://registry.npmjs.org/tst/-/tst-9.4.0.tgz",
      "integrity": "sha512-LFC1yasMqhvL9hBJdA07nozlfS1RGy/7uiBCwRZcQH9zB4+n7XpxwYszzK//WQ2JVOLAUgU3d8ABEcrFLZE0vg==",
      "dev": true,
      "license": "MIT"
    },
    "packages/dynamics-compand": {
      "name": "@audio/dynamics-compand",
      "version": "0.1.5",
      "license": "MIT",
      "dependencies": {
        "@audio/dynamics-envelope": "^0.1.0"
      },
      "engines": {
        "node": ">=18"
      }
    },
    "packages/dynamics-compressor": {
      "name": "@audio/dynamics-compressor",
      "version": "0.2.0",
      "license": "MIT",
      "dependencies": {
        "@audio/dynamics-envelope": "^0.1.0"
      },
      "engines": {
        "node": ">=18"
      }
    },
    "packages/dynamics-core": {
      "name": "@audio/dynamics-core",
      "version": "0.2.1",
      "extraneous": true,
      "license": "MIT",
      "engines": {
        "node": ">=18"
      }
    },
    "packages/dynamics-deesser": {
      "name": "@audio/dynamics-deesser",
      "version": "0.2.5",
      "license": "MIT",
      "dependencies": {
        "@audio/biquad": "^1.1.0",
        "@audio/dynamics-compressor": "^0.2.0",
        "@audio/dynamics-envelope": "^0.1.0"
      },
      "engines": {
        "node": ">=18"
      }
    },
    "packages/dynamics-ducker": {
      "name": "@audio/dynamics-ducker",
      "version": "0.1.7",
      "license": "MIT",
      "dependencies": {
        "@audio/dynamics-compressor": "^0.2.0",
        "@audio/dynamics-envelope": "^0.1.0"
      },
      "engines": {
        "node": ">=18"
      }
    },
    "packages/dynamics-envelope": {
      "name": "@audio/dynamics-envelope",
      "version": "0.1.1",
      "license": "MIT",
      "engines": {
        "node": ">=18"
      }
    },
    "packages/dynamics-expander": {
      "name": "@audio/dynamics-expander",
      "version": "0.2.0",
      "license": "MIT",
      "dependencies": {
        "@audio/dynamics-envelope": "^0.1.0"
      },
      "engines": {
        "node": ">=18"
      }
    },
    "packages/dynamics-fet": {
      "name": "@audio/dynamics-fet",
      "version": "0.2.3",
      "license": "MIT",
      "dependencies": {
        "@audio/dynamics-compressor": "^0.2.0",
        "@audio/dynamics-envelope": "^0.1.0"
      },
      "engines": {
        "node": ">=18"
      }
    },
    "packages/dynamics-gate": {
      "name": "@audio/dynamics-gate",
      "version": "0.1.5",
      "license": "MIT",
      "dependencies": {
        "@audio/dynamics-envelope": "^0.1.0"
      },
      "engines": {
        "node": ">=18"
      }
    },
    "packages/dynamics-leveler": {
      "name": "@audio/dynamics-leveler",
      "version": "0.1.5",
      "license": "MIT",
      "engines": {
        "node": ">=18"
      }
    },
    "packages/dynamics-limiter": {
      "name": "@audio/dynamics-limiter",
      "version": "0.1.4",
      "license": "MIT",
      "engines": {
        "node": ">=18"
      }
    },
    "packages/dynamics-multiband": {
      "name": "@audio/dynamics-multiband",
      "version": "0.4.1",
      "license": "MIT",
      "dependencies": {
        "@audio/biquad": "^1.1.0",
        "@audio/dynamics-compressor": "^0.2.0",
        "@audio/eq-crossover": "^1.0.0"
      },
      "engines": {
        "node": ">=18"
      }
    },
    "packages/dynamics-opto": {
      "name": "@audio/dynamics-opto",
      "version": "0.2.3",
      "license": "MIT",
      "dependencies": {
        "@audio/dynamics-compressor": "^0.2.0",
        "@audio/dynamics-envelope": "^0.1.0"
      },
      "engines": {
        "node": ">=18"
      }
    },
    "packages/dynamics-softclip": {
      "name": "@audio/dynamics-softclip",
      "version": "0.2.0",
      "license": "MIT",
      "dependencies": {
        "@audio/resample-sinc": "^1.0.0"
      },
      "engines": {
        "node": ">=18"
      }
    },
    "packages/dynamics-transient-shaper": {
      "name": "@audio/dynamics-transient-shaper",
      "version": "0.1.4",
      "license": "MIT",
      "engines": {
        "node": ">=18"
      }
    },
    "packages/dynamics-unlimit": {
      "name": "@audio/dynamics-unlimit",
      "version": "0.1.0",
      "license": "MIT",
      "dependencies": {
        "@audio/dynamics-envelope": "^0.1.0",
        "@audio/dynamics-expander": "^0.2.0"
      },
      "engines": {
        "node": ">=18"
      }
    },
    "packages/dynamics-varimu": {
      "name": "@audio/dynamics-varimu",
      "version": "0.2.3",
      "license": "MIT",
      "dependencies": {
        "@audio/dynamics-compressor": "^0.2.0",
        "@audio/dynamics-envelope": "^0.1.0"
      },
      "engines": {
        "node": ">=18"
      }
    },
    "packages/dynamics-vca": {
      "name": "@audio/dynamics-vca",
      "version": "0.2.3",
      "license": "MIT",
      "dependencies": {
        "@audio/dynamics-compressor": "^0.2.0",
        "@audio/dynamics-envelope": "^0.1.0"
      },
      "engines": {
        "node": ">=18"
      }
    }
  }
}
